
Microsoft Visual Studio Solution File, Format Version 12.00
# Visual Studio Version 17
VisualStudioVersion = 17.3.32819.101
MinimumVisualStudioVersion = 10.0.40219.1
Project("{9A19103F-16F7-4668-BE54-9A1E7A4F7556}") = "JsonDemo", "JsonDemo\JsonDemo.csproj", "{2F201A39-1501-4C34-BE82-F24285512A8C}"
EndProject
Project("{9A19103F-16F7-4668-BE54-9A1E7A4F7556}") = "JsonUppgift 1", "JsonUppgift 1\JsonUppgift 1.csproj", "{646935BB-7170-4935-B647-CA0E77EEE119}"
EndProject
Project("{9A19103F-16F7-4668-BE54-9A1E7A4F7556}") = "JsonUppgift 2", "JsonUppgift 2\JsonUppgift 2.csproj", "{6BFD5D40-0C51-43F3-B6A0-59D8BB9B82B2}"
EndProject
Project("{FAE04EC0-301F-11D3-BF4B-00C04F79EFBC}") = "JsonUppgift 3", "JsonUppgift 3\JsonUppgift 3.csproj", "{617D96BF-EAEB-4E12-BE82-4F22AD784B97}"
EndProject
Global
	GlobalSection(SolutionConfigurationPlatforms) = preSolution
		Debug|Any CPU = Debug|Any CPU
		Release|Any CPU = Release|Any CPU
	EndGlobalSection
	GlobalSection(ProjectConfigurationPlatforms) = postSolution
		{2F201A39-1501-4C34-BE82-F24285512A8C}.Debug|Any CPU.ActiveCfg = Debug|Any CPU
		{2F201A39-1501-4C34-BE82-F24285512A8C}.Debug|Any CPU.Build.0 = Debug|Any CPU
		{2F201A39-1501-4C34-BE82-F24285512A8C}.Release|Any CPU.ActiveCfg = Release|Any CPU
		{2F201A39-1501-4C34-BE82-F24285512A8C}.Release|Any CPU.Build.0 = Release|Any CPU
		{646935BB-7170-4935-B647-CA0E77EEE119}.Debug|Any CPU.ActiveCfg = Debug|Any CPU
		{646935BB-7170-4935-B647-CA0E77EEE119}.Debug|Any CPU.Build.0 = Debug|Any CPU
		{646935BB-7170-4935-B647-CA0E77EEE119}.Release|Any CPU.ActiveCfg = Release|Any CPU
		{646935BB-7170-4935-B647-CA0E77EEE119}.Release|Any CPU.Build.0 = Release|Any CPU
		{6BFD5D40-0C51-43F3-B6A0-59D8BB9B82B2}.Debug|Any CPU.ActiveCfg = Debug|Any CPU
		{6BFD5D40-0C51-43F3-B6A0-59D8BB9B82B2}.Debug|Any CPU.Build.0 = Debug|Any CPU
		{6BFD5D40-0C51-43F3-B6A0-59D8BB9B82B2}.Release|Any CPU.ActiveCfg = Release|Any CPU
		{6BFD5D40-0C51-43F3-B6A0-59D8BB9B82B2}.Release|Any CPU.Build.0 = Release|Any CPU
		{617D96BF-EAEB-4E12-BE82-4F22AD784B97}.Debug|Any CPU.ActiveCfg = Debug|Any CPU
		{617D96BF-EAEB-4E12-BE82-4F22AD784B97}.Debug|Any CPU.Build.0 = Debug|Any CPU
		{617D96BF-EAEB-4E12-BE82-4F22AD784B97}.Release|Any CPU.ActiveCfg = Release|Any CPU
		{617D96BF-EAEB-4E12-BE82-4F22AD784B97}.Release|Any CPU.Build.0 = Release|Any CPU
	EndGlobalSection
	GlobalSection(SolutionProperties) = preSolution
		HideSolutionNode = FALSE
	EndGlobalSection
	GlobalSection(ExtensibilityGlobals) = postSolution
		SolutionGuid = {F10D7653-CF4C-4C2C-B8DD-B280D37AE6B1}
	EndGlobalSection
EndGlobal
